
Microsoft Visual Studio Solution File, Format Version 12.00
# Visual Studio Version 16
VisualStudioVersion = 16.0.32126.315
MinimumVisualStudioVersion = 10.0.40219.1
Project("{9A19103F-16F7-4668-BE54-9A1E7A4F7556}") = "GrpcServerService", "..\GrpcServerService\GrpcServerService.csproj", "{23784AB8-8E28-4322-BCEB-1847ADC61C19}"
EndProject
Project("{9A19103F-16F7-4668-BE54-9A1E7A4F7556}") = "ConsoleGRPCApp", "..\ConsoleGRPCApp\ConsoleGRPCApp.csproj", "{7E522A35-52CF-452F-A9E5-D26B934D273C}"
EndProject
Global
	GlobalSection(SolutionConfigurationPlatforms) = preSolution
		Debug|Any CPU = Debug|Any CPU
		Release|Any CPU = Release|Any CPU
	EndGlobalSection
	GlobalSection(ProjectConfigurationPlatforms) = postSolution
		{23784AB8-8E28-4322-BCEB-1847ADC61C19}.Debug|Any CPU.ActiveCfg = Debug|Any CPU
		{23784AB8-8E28-4322-BCEB-1847ADC61C19}.Debug|Any CPU.Build.0 = Debug|Any CPU
		{23784AB8-8E28-4322-BCEB-1847ADC61C19}.Release|Any CPU.ActiveCfg = Release|Any CPU
		{23784AB8-8E28-4322-BCEB-1847ADC61C19}.Release|Any CPU.Build.0 = Release|Any CPU
		{7E522A35-52CF-452F-A9E5-D26B934D273C}.Debug|Any CPU.ActiveCfg = Debug|Any CPU
		{7E522A35-52CF-452F-A9E5-D26B934D273C}.Debug|Any CPU.Build.0 = Debug|Any CPU
		{7E522A35-52CF-452F-A9E5-D26B934D273C}.Release|Any CPU.ActiveCfg = Release|Any CPU
		{7E522A35-52CF-452F-A9E5-D26B934D273C}.Release|Any CPU.Build.0 = Release|Any CPU
	EndGlobalSection
	GlobalSection(SolutionProperties) = preSolution
		HideSolutionNode = FALSE
	EndGlobalSection
	GlobalSection(ExtensibilityGlobals) = postSolution
		SolutionGuid = {636FE4E8-8FB7-4E5B-9E83-F264F5806777}
	EndGlobalSection
EndGlobal
